{
  "name": ".cpm",
  "lockfileVersion": 3,
  "requires": true,
  "packages": {
    "": {
      "devDependencies": {
        "@cloudimpl-inc/cpm-clickup": "file:../clickup",
        "@cloudimpl-inc/cpm-git": "file:../git",
        "@cloudimpl-inc/cpm-github": "file:../github"
      }
    },
    "../clickup": {
      "name": "@cloudimpl-inc/cpm-clickup",
      "version": "1.3.0",
      "dev": true,
      "license": "MIT",
      "dependencies": {
        "puppeteer": "^22.5.0"
      }
    },
    "../git": {
      "name": "@cloudimpl-inc/cpm-git",
      "version": "1.9.0",
      "dev": true,
      "license": "MIT",
      "dependencies": {
        "puppeteer": "^22.5.0"
      }
    },
    "../github": {
      "name": "@cloudimpl-inc/cpm-github",
      "version": "1.2.0",
      "dev": true,
      "license": "MIT",
      "dependencies": {
        "puppeteer": "^22.5.0"
      }
    },
    "node_modules/@cloudimpl-inc/cpm-clickup": {
      "resolved": "../clickup",
      "link": true
    },
    "node_modules/@cloudimpl-inc/cpm-git": {
      "resolved": "../git",
      "link": true
    },
    "node_modules/@cloudimpl-inc/cpm-github": {
      "resolved": "../github",
      "link": true
    }
  }
}
